
Microsoft Visual Studio Solution File, Format Version 12.00
# Visual Studio Version 17
VisualStudioVersion = 17.0.31903.59
MinimumVisualStudioVersion = 10.0.40219.1
Project("{2150E333-8FDC-42A3-9474-1A3956D46DE8}") = "src", "src", "{827E0CD3-B72D-47B6-A68D-7590B98EB39B}"
EndProject
Project("{FAE04EC0-301F-11D3-BF4B-00C04F79EFBC}") = "Nornis.Domain", "src\Nornis.Domain\Nornis.Domain.csproj", "{AC74ACF5-7BC9-47BD-AD79-AD66499C420A}"
EndProject
Project("{FAE04EC0-301F-11D3-BF4B-00C04F79EFBC}") = "Nornis.Shared", "src\Nornis.Shared\Nornis.Shared.csproj", "{5842D392-41F9-4088-8E25-62CF5488B41C}"
EndProject
Project("{FAE04EC0-301F-11D3-BF4B-00C04F79EFBC}") = "Nornis.Application", "src\Nornis.Application\Nornis.Application.csproj", "{934A87B6-6DA7-4B31-A2A3-9C467D55FA89}"
EndProject
Project("{FAE04EC0-301F-11D3-BF4B-00C04F79EFBC}") = "Nornis.Infrastructure", "src\Nornis.Infrastructure\Nornis.Infrastructure.csproj", "{D09E60E2-8066-44D9-99F0-3221BC1174B9}"
EndProject
Project("{FAE04EC0-301F-11D3-BF4B-00C04F79EFBC}") = "Nornis.Api", "src\Nornis.Api\Nornis.Api.csproj", "{89F6F25B-A572-4955-AA01-A9AB4A2CDC69}"
EndProject
Project("{FAE04EC0-301F-11D3-BF4B-00C04F79EFBC}") = "Nornis.Web", "src\Nornis.Web\Nornis.Web.csproj", "{0365803A-4430-41BE-A834-3455AB11AD70}"
EndProject
Project("{FAE04EC0-301F-11D3-BF4B-00C04F79EFBC}") = "Nornis.Worker", "src\Nornis.Worker\Nornis.Worker.csproj", "{8786BE93-D263-4348-ACA5-42A13D93213E}"
EndProject
Project("{2150E333-8FDC-42A3-9474-1A3956D46DE8}") = "tests", "tests", "{0AB3BF05-4346-4AA6-1389-037BE0695223}"
EndProject
Project("{FAE04EC0-301F-11D3-BF4B-00C04F79EFBC}") = "Nornis.Domain.Tests", "tests\Nornis.Domain.Tests\Nornis.Domain.Tests.csproj", "{919163ED-C8AA-4198-93AB-197BEC4540A6}"
EndProject
Project("{FAE04EC0-301F-11D3-BF4B-00C04F79EFBC}") = "Nornis.Shared.Tests", "tests\Nornis.Shared.Tests\Nornis.Shared.Tests.csproj", "{10C69625-D28A-4B70-BE2E-9B5E3B1AB7C0}"
EndProject
Project("{FAE04EC0-301F-11D3-BF4B-00C04F79EFBC}") = "Nornis.Application.Tests", "tests\Nornis.Application.Tests\Nornis.Application.Tests.csproj", "{F2DAF545-876D-4BFE-8DAF-23BF625F7AE0}"
EndProject
Project("{FAE04EC0-301F-11D3-BF4B-00C04F79EFBC}") = "Nornis.Infrastructure.Tests", "tests\Nornis.Infrastructure.Tests\Nornis.Infrastructure.Tests.csproj", "{45C58F47-3200-40E9-ABE6-B7120D937496}"
EndProject
Project("{FAE04EC0-301F-11D3-BF4B-00C04F79EFBC}") = "Nornis.Api.Tests", "tests\Nornis.Api.Tests\Nornis.Api.Tests.csproj", "{32CA68C1-B1DD-4C61-904B-E1C65B795AC9}"
EndProject
Project("{FAE04EC0-301F-11D3-BF4B-00C04F79EFBC}") = "Nornis.Web.Tests", "tests\Nornis.Web.Tests\Nornis.Web.Tests.csproj", "{5A43FFA9-B941-4EFA-9883-B8A1B17A5F6D}"
EndProject
Project("{FAE04EC0-301F-11D3-BF4B-00C04F79EFBC}") = "Nornis.Worker.Tests", "tests\Nornis.Worker.Tests\Nornis.Worker.Tests.csproj", "{FC00871F-63C9-4D82-A0E0-06EFCD06B296}"
EndProject
Global
	GlobalSection(SolutionConfigurationPlatforms) = preSolution
		Debug|Any CPU = Debug|Any CPU
		Debug|x64 = Debug|x64
		Debug|x86 = Debug|x86
		Release|Any CPU = Release|Any CPU
		Release|x64 = Release|x64
		Release|x86 = Release|x86
	EndGlobalSection
	GlobalSection(ProjectConfigurationPlatforms) = postSolution
		{AC74ACF5-7BC9-47BD-AD79-AD66499C420A}.Debug|Any CPU.ActiveCfg = Debug|Any CPU
		{AC74ACF5-7BC9-47BD-AD79-AD66499C420A}.Debug|Any CPU.Build.0 = Debug|Any CPU
		{AC74ACF5-7BC9-47BD-AD79-AD66499C420A}.Debug|x64.ActiveCfg = Debug|Any CPU
		{AC74ACF5-7BC9-47BD-AD79-AD66499C420A}.Debug|x64.Build.0 = Debug|Any CPU
		{AC74ACF5-7BC9-47BD-AD79-AD66499C420A}.Debug|x86.ActiveCfg = Debug|Any CPU
		{AC74ACF5-7BC9-47BD-AD79-AD66499C420A}.Debug|x86.Build.0 = Debug|Any CPU
		{AC74ACF5-7BC9-47BD-AD79-AD66499C420A}.Release|Any CPU.ActiveCfg = Release|Any CPU
		{AC74ACF5-7BC9-47BD-AD79-AD66499C420A}.Release|Any CPU.Build.0 = Release|Any CPU
		{AC74ACF5-7BC9-47BD-AD79-AD66499C420A}.Release|x64.ActiveCfg = Release|Any CPU
		{AC74ACF5-7BC9-47BD-AD79-AD66499C420A}.Release|x64.Build.0 = Release|Any CPU
		{AC74ACF5-7BC9-47BD-AD79-AD66499C420A}.Release|x86.ActiveCfg = Release|Any CPU
		{AC74ACF5-7BC9-47BD-AD79-AD66499C420A}.Release|x86.Build.0 = Release|Any CPU
		{5842D392-41F9-4088-8E25-62CF5488B41C}.Debug|Any CPU.ActiveCfg = Debug|Any CPU
		{5842D392-41F9-4088-8E25-62CF5488B41C}.Debug|Any CPU.Build.0 = Debug|Any CPU
		{5842D392-41F9-4088-8E25-62CF5488B41C}.Debug|x64.ActiveCfg = Debug|Any CPU
		{5842D392-41F9-4088-8E25-62CF5488B41C}.Debug|x64.Build.0 = Debug|Any CPU
		{5842D392-41F9-4088-8E25-62CF5488B41C}.Debug|x86.ActiveCfg = Debug|Any CPU
		{5842D392-41F9-4088-8E25-62CF5488B41C}.Debug|x86.Build.0 = Debug|Any CPU
		{5842D392-41F9-4088-8E25-62CF5488B41C}.Release|Any CPU.ActiveCfg = Release|Any CPU
		{5842D392-41F9-4088-8E25-62CF5488B41C}.Release|Any CPU.Build.0 = Release|Any CPU
		{5842D392-41F9-4088-8E25-62CF5488B41C}.Release|x64.ActiveCfg = Release|Any CPU
		{5842D392-41F9-4088-8E25-62CF5488B41C}.Release|x64.Build.0 = Release|Any CPU
		{5842D392-41F9-4088-8E25-62CF5488B41C}.Release|x86.ActiveCfg = Release|Any CPU
		{5842D392-41F9-4088-8E25-62CF5488B41C}.Release|x86.Build.0 = Release|Any CPU
		{934A87B6-6DA7-4B31-A2A3-9C467D55FA89}.Debug|Any CPU.ActiveCfg = Debug|Any CPU
		{934A87B6-6DA7-4B31-A2A3-9C467D55FA89}.Debug|Any CPU.Build.0 = Debug|Any CPU
		{934A87B6-6DA7-4B31-A2A3-9C467D55FA89}.Debug|x64.ActiveCfg = Debug|Any CPU
		{934A87B6-6DA7-4B31-A2A3-9C467D55FA89}.Debug|x64.Build.0 = Debug|Any CPU
		{934A87B6-6DA7-4B31-A2A3-9C467D55FA89}.Debug|x86.ActiveCfg = Debug|Any CPU
		{934A87B6-6DA7-4B31-A2A3-9C467D55FA89}.Debug|x86.Build.0 = Debug|Any CPU
		{934A87B6-6DA7-4B31-A2A3-9C467D55FA89}.Release|Any CPU.ActiveCfg = Release|Any CPU
		{934A87B6-6DA7-4B31-A2A3-9C467D55FA89}.Release|Any CPU.Build.0 = Release|Any CPU
		{934A87B6-6DA7-4B31-A2A3-9C467D55FA89}.Release|x64.ActiveCfg = Release|Any CPU
		{934A87B6-6DA7-4B31-A2A3-9C467D55FA89}.Release|x64.Build.0 = Release|Any CPU
		{934A87B6-6DA7-4B31-A2A3-9C467D55FA89}.Release|x86.ActiveCfg = Release|Any CPU
		{934A87B6-6DA7-4B31-A2A3-9C467D55FA89}.Release|x86.Build.0 = Release|Any CPU
		{D09E60E2-8066-44D9-99F0-3221BC1174B9}.Debug|Any CPU.ActiveCfg = Debug|Any CPU
		{D09E60E2-8066-44D9-99F0-3221BC1174B9}.Debug|Any CPU.Build.0 = Debug|Any CPU
		{D09E60E2-8066-44D9-99F0-3221BC1174B9}.Debug|x64.ActiveCfg = Debug|Any CPU
		{D09E60E2-8066-44D9-99F0-3221BC1174B9}.Debug|x64.Build.0 = Debug|Any CPU
		{D09E60E2-8066-44D9-99F0-3221BC1174B9}.Debug|x86.ActiveCfg = Debug|Any CPU
		{D09E60E2-8066-44D9-99F0-3221BC1174B9}.Debug|x86.Build.0 = Debug|Any CPU
		{D09E60E2-8066-44D9-99F0-3221BC1174B9}.Release|Any CPU.ActiveCfg = Release|Any CPU
		{D09E60E2-8066-44D9-99F0-3221BC1174B9}.Release|Any CPU.Build.0 = Release|Any CPU
		{D09E60E2-8066-44D9-99F0-3221BC1174B9}.Release|x64.ActiveCfg = Release|Any CPU
		{D09E60E2-8066-44D9-99F0-3221BC1174B9}.Release|x64.Build.0 = Release|Any CPU
		{D09E60E2-8066-44D9-99F0-3221BC1174B9}.Release|x86.ActiveCfg = Release|Any CPU
		{D09E60E2-8066-44D9-99F0-3221BC1174B9}.Release|x86.Build.0 = Release|Any CPU
		{89F6F25B-A572-4955-AA01-A9AB4A2CDC69}.Debug|Any CPU.ActiveCfg = Debug|Any CPU
		{89F6F25B-A572-4955-AA01-A9AB4A2CDC69}.Debug|Any CPU.Build.0 = Debug|Any CPU
		{89F6F25B-A572-4955-AA01-A9AB4A2CDC69}.Debug|x64.ActiveCfg = Debug|Any CPU
		{89F6F25B-A572-4955-AA01-A9AB4A2CDC69}.Debug|x64.Build.0 = Debug|Any CPU
		{89F6F25B-A572-4955-AA01-A9AB4A2CDC69}.Debug|x86.ActiveCfg = Debug|Any CPU
		{89F6F25B-A572-4955-AA01-A9AB4A2CDC69}.Debug|x86.Build.0 = Debug|Any CPU
		{89F6F25B-A572-4955-AA01-A9AB4A2CDC69}.Release|Any CPU.ActiveCfg = Release|Any CPU
		{89F6F25B-A572-4955-AA01-A9AB4A2CDC69}.Release|Any CPU.Build.0 = Release|Any CPU
		{89F6F25B-A572-4955-AA01-A9AB4A2CDC69}.Release|x64.ActiveCfg = Release|Any CPU
		{89F6F25B-A572-4955-AA01-A9AB4A2CDC69}.Release|x64.Build.0 = Release|Any CPU
		{89F6F25B-A572-4955-AA01-A9AB4A2CDC69}.Release|x86.ActiveCfg = Release|Any CPU
		{89F6F25B-A572-4955-AA01-A9AB4A2CDC69}.Release|x86.Build.0 = Release|Any CPU
		{0365803A-4430-41BE-A834-3455AB11AD70}.Debug|Any CPU.ActiveCfg = Debug|Any CPU
		{0365803A-4430-41BE-A834-3455AB11AD70}.Debug|Any CPU.Build.0 = Debug|Any CPU
		{0365803A-4430-41BE-A834-3455AB11AD70}.Debug|x64.ActiveCfg = Debug|Any CPU
		{0365803A-4430-41BE-A834-3455AB11AD70}.Debug|x64.Build.0 = Debug|Any CPU
		{0365803A-4430-41BE-A834-3455AB11AD70}.Debug|x86.ActiveCfg = Debug|Any CPU
		{0365803A-4430-41BE-A834-3455AB11AD70}.Debug|x86.Build.0 = Debug|Any CPU
		{0365803A-4430-41BE-A834-3455AB11AD70}.Release|Any CPU.ActiveCfg = Release|Any CPU
		{0365803A-4430-41BE-A834-3455AB11AD70}.Release|Any CPU.Build.0 = Release|Any CPU
		{0365803A-4430-41BE-A834-3455AB11AD70}.Release|x64.ActiveCfg = Release|Any CPU
		{0365803A-4430-41BE-A834-3455AB11AD70}.Release|x64.Build.0 = Release|Any CPU
		{0365803A-4430-41BE-A834-3455AB11AD70}.Release|x86.ActiveCfg = Release|Any CPU
		{0365803A-4430-41BE-A834-3455AB11AD70}.Release|x86.Build.0 = Release|Any CPU
		{8786BE93-D263-4348-ACA5-42A13D93213E}.Debug|Any CPU.ActiveCfg = Debug|Any CPU
		{8786BE93-D263-4348-ACA5-42A13D93213E}.Debug|Any CPU.Build.0 = Debug|Any CPU
		{8786BE93-D263-4348-ACA5-42A13D93213E}.Debug|x64.ActiveCfg = Debug|Any CPU
		{8786BE93-D263-4348-ACA5-42A13D93213E}.Debug|x64.Build.0 = Debug|Any CPU
		{8786BE93-D263-4348-ACA5-42A13D93213E}.Debug|x86.ActiveCfg = Debug|Any CPU
		{8786BE93-D263-4348-ACA5-42A13D93213E}.Debug|x86.Build.0 = Debug|Any CPU
		{8786BE93-D263-4348-ACA5-42A13D93213E}.Release|Any CPU.ActiveCfg = Release|Any CPU
		{8786BE93-D263-4348-ACA5-42A13D93213E}.Release|Any CPU.Build.0 = Release|Any CPU
		{8786BE93-D263-4348-ACA5-42A13D93213E}.Release|x64.ActiveCfg = Release|Any CPU
		{8786BE93-D263-4348-ACA5-42A13D93213E}.Release|x64.Build.0 = Release|Any CPU
		{8786BE93-D263-4348-ACA5-42A13D93213E}.Release|x86.ActiveCfg = Release|Any CPU
		{8786BE93-D263-4348-ACA5-42A13D93213E}.Release|x86.Build.0 = Release|Any CPU
		{919163ED-C8AA-4198-93AB-197BEC4540A6}.Debug|Any CPU.ActiveCfg = Debug|Any CPU
		{919163ED-C8AA-4198-93AB-197BEC4540A6}.Debug|Any CPU.Build.0 = Debug|Any CPU
		{919163ED-C8AA-4198-93AB-197BEC4540A6}.Debug|x64.ActiveCfg = Debug|Any CPU
		{919163ED-C8AA-4198-93AB-197BEC4540A6}.Debug|x64.Build.0 = Debug|Any CPU
		{919163ED-C8AA-4198-93AB-197BEC4540A6}.Debug|x86.ActiveCfg = Debug|Any CPU
		{919163ED-C8AA-4198-93AB-197BEC4540A6}.Debug|x86.Build.0 = Debug|Any CPU
		{919163ED-C8AA-4198-93AB-197BEC4540A6}.Release|Any CPU.ActiveCfg = Release|Any CPU
		{919163ED-C8AA-4198-93AB-197BEC4540A6}.Release|Any CPU.Build.0 = Release|Any CPU
		{919163ED-C8AA-4198-93AB-197BEC4540A6}.Release|x64.ActiveCfg = Release|Any CPU
		{919163ED-C8AA-4198-93AB-197BEC4540A6}.Release|x64.Build.0 = Release|Any CPU
		{919163ED-C8AA-4198-93AB-197BEC4540A6}.Release|x86.ActiveCfg = Release|Any CPU
		{919163ED-C8AA-4198-93AB-197BEC4540A6}.Release|x86.Build.0 = Release|Any CPU
		{10C69625-D28A-4B70-BE2E-9B5E3B1AB7C0}.Debug|Any CPU.ActiveCfg = Debug|Any CPU
		{10C69625-D28A-4B70-BE2E-9B5E3B1AB7C0}.Debug|Any CPU.Build.0 = Debug|Any CPU
		{10C69625-D28A-4B70-BE2E-9B5E3B1AB7C0}.Debug|x64.ActiveCfg = Debug|Any CPU
		{10C69625-D28A-4B70-BE2E-9B5E3B1AB7C0}.Debug|x64.Build.0 = Debug|Any CPU
		{10C69625-D28A-4B70-BE2E-9B5E3B1AB7C0}.Debug|x86.ActiveCfg = Debug|Any CPU
		{10C69625-D28A-4B70-BE2E-9B5E3B1AB7C0}.Debug|x86.Build.0 = Debug|Any CPU
		{10C69625-D28A-4B70-BE2E-9B5E3B1AB7C0}.Release|Any CPU.ActiveCfg = Release|Any CPU
		{10C69625-D28A-4B70-BE2E-9B5E3B1AB7C0}.Release|Any CPU.Build.0 = Release|Any CPU
		{10C69625-D28A-4B70-BE2E-9B5E3B1AB7C0}.Release|x64.ActiveCfg = Release|Any CPU
		{10C69625-D28A-4B70-BE2E-9B5E3B1AB7C0}.Release|x64.Build.0 = Release|Any CPU
		{10C69625-D28A-4B70-BE2E-9B5E3B1AB7C0}.Release|x86.ActiveCfg = Release|Any CPU
		{10C69625-D28A-4B70-BE2E-9B5E3B1AB7C0}.Release|x86.Build.0 = Release|Any CPU
		{F2DAF545-876D-4BFE-8DAF-23BF625F7AE0}.Debug|Any CPU.ActiveCfg = Debug|Any CPU
		{F2DAF545-876D-4BFE-8DAF-23BF625F7AE0}.Debug|Any CPU.Build.0 = Debug|Any CPU
		{F2DAF545-876D-4BFE-8DAF-23BF625F7AE0}.Debug|x64.ActiveCfg = Debug|Any CPU
		{F2DAF545-876D-4BFE-8DAF-23BF625F7AE0}.Debug|x64.Build.0 = Debug|Any CPU
		{F2DAF545-876D-4BFE-8DAF-23BF625F7AE0}.Debug|x86.ActiveCfg = Debug|Any CPU
		{F2DAF545-876D-4BFE-8DAF-23BF625F7AE0}.Debug|x86.Build.0 = Debug|Any CPU
		{F2DAF545-876D-4BFE-8DAF-23BF625F7AE0}.Release|Any CPU.ActiveCfg = Release|Any CPU
		{F2DAF545-876D-4BFE-8DAF-23BF625F7AE0}.Release|Any CPU.Build.0 = Release|Any CPU
		{F2DAF545-876D-4BFE-8DAF-23BF625F7AE0}.Release|x64.ActiveCfg = Release|Any CPU
		{F2DAF545-876D-4BFE-8DAF-23BF625F7AE0}.Release|x64.Build.0 = Release|Any CPU
		{F2DAF545-876D-4BFE-8DAF-23BF625F7AE0}.Release|x86.ActiveCfg = Release|Any CPU
		{F2DAF545-876D-4BFE-8DAF-23BF625F7AE0}.Release|x86.Build.0 = Release|Any CPU
		{45C58F47-3200-40E9-ABE6-B7120D937496}.Debug|Any CPU.ActiveCfg = Debug|Any CPU
		{45C58F47-3200-40E9-ABE6-B7120D937496}.Debug|Any CPU.Build.0 = Debug|Any CPU
		{45C58F47-3200-40E9-ABE6-B7120D937496}.Debug|x64.ActiveCfg = Debug|Any CPU
		{45C58F47-3200-40E9-ABE6-B7120D937496}.Debug|x64.Build.0 = Debug|Any CPU
		{45C58F47-3200-40E9-ABE6-B7120D937496}.Debug|x86.ActiveCfg = Debug|Any CPU
		{45C58F47-3200-40E9-ABE6-B7120D937496}.Debug|x86.Build.0 = Debug|Any CPU
		{45C58F47-3200-40E9-ABE6-B7120D937496}.Release|Any CPU.ActiveCfg = Release|Any CPU
		{45C58F47-3200-40E9-ABE6-B7120D937496}.Release|Any CPU.Build.0 = Release|Any CPU
		{45C58F47-3200-40E9-ABE6-B7120D937496}.Release|x64.ActiveCfg = Release|Any CPU
		{45C58F47-3200-40E9-ABE6-B7120D937496}.Release|x64.Build.0 = Release|Any CPU
		{45C58F47-3200-40E9-ABE6-B7120D937496}.Release|x86.ActiveCfg = Release|Any CPU
		{45C58F47-3200-40E9-ABE6-B7120D937496}.Release|x86.Build.0 = Release|Any CPU
		{32CA68C1-B1DD-4C61-904B-E1C65B795AC9}.Debug|Any CPU.ActiveCfg = Debug|Any CPU
		{32CA68C1-B1DD-4C61-904B-E1C65B795AC9}.Debug|Any CPU.Build.0 = Debug|Any CPU
		{32CA68C1-B1DD-4C61-904B-E1C65B795AC9}.Debug|x64.ActiveCfg = Debug|Any CPU
		{32CA68C1-B1DD-4C61-904B-E1C65B795AC9}.Debug|x64.Build.0 = Debug|Any CPU
		{32CA68C1-B1DD-4C61-904B-E1C65B795AC9}.Debug|x86.ActiveCfg = Debug|Any CPU
		{32CA68C1-B1DD-4C61-904B-E1C65B795AC9}.Debug|x86.Build.0 = Debug|Any CPU
		{32CA68C1-B1DD-4C61-904B-E1C65B795AC9}.Release|Any CPU.ActiveCfg = Release|Any CPU
		{32CA68C1-B1DD-4C61-904B-E1C65B795AC9}.Release|Any CPU.Build.0 = Release|Any CPU
		{32CA68C1-B1DD-4C61-904B-E1C65B795AC9}.Release|x64.ActiveCfg = Release|Any CPU
		{32CA68C1-B1DD-4C61-904B-E1C65B795AC9}.Release|x64.Build.0 = Release|Any CPU
		{32CA68C1-B1DD-4C61-904B-E1C65B795AC9}.Release|x86.ActiveCfg = Release|Any CPU
		{32CA68C1-B1DD-4C61-904B-E1C65B795AC9}.Release|x86.Build.0 = Release|Any CPU
		{5A43FFA9-B941-4EFA-9883-B8A1B17A5F6D}.Debug|Any CPU.ActiveCfg = Debug|Any CPU
		{5A43FFA9-B941-4EFA-9883-B8A1B17A5F6D}.Debug|Any CPU.Build.0 = Debug|Any CPU
		{5A43FFA9-B941-4EFA-9883-B8A1B17A5F6D}.Debug|x64.ActiveCfg = Debug|Any CPU
		{5A43FFA9-B941-4EFA-9883-B8A1B17A5F6D}.Debug|x64.Build.0 = Debug|Any CPU
		{5A43FFA9-B941-4EFA-9883-B8A1B17A5F6D}.Debug|x86.ActiveCfg = Debug|Any CPU
		{5A43FFA9-B941-4EFA-9883-B8A1B17A5F6D}.Debug|x86.Build.0 = Debug|Any CPU
		{5A43FFA9-B941-4EFA-9883-B8A1B17A5F6D}.Release|Any CPU.ActiveCfg = Release|Any CPU
		{5A43FFA9-B941-4EFA-9883-B8A1B17A5F6D}.Release|Any CPU.Build.0 = Release|Any CPU
		{5A43FFA9-B941-4EFA-9883-B8A1B17A5F6D}.Release|x64.ActiveCfg = Release|Any CPU
		{5A43FFA9-B941-4EFA-9883-B8A1B17A5F6D}.Release|x64.Build.0 = Release|Any CPU
		{5A43FFA9-B941-4EFA-9883-B8A1B17A5F6D}.Release|x86.ActiveCfg = Release|Any CPU
		{5A43FFA9-B941-4EFA-9883-B8A1B17A5F6D}.Release|x86.Build.0 = Release|Any CPU
		{FC00871F-63C9-4D82-A0E0-06EFCD06B296}.Debug|Any CPU.ActiveCfg = Debug|Any CPU
		{FC00871F-63C9-4D82-A0E0-06EFCD06B296}.Debug|Any CPU.Build.0 = Debug|Any CPU
		{FC00871F-63C9-4D82-A0E0-06EFCD06B296}.Debug|x64.ActiveCfg = Debug|Any CPU
		{FC00871F-63C9-4D82-A0E0-06EFCD06B296}.Debug|x64.Build.0 = Debug|Any CPU
		{FC00871F-63C9-4D82-A0E0-06EFCD06B296}.Debug|x86.ActiveCfg = Debug|Any CPU
		{FC00871F-63C9-4D82-A0E0-06EFCD06B296}.Debug|x86.Build.0 = Debug|Any CPU
		{FC00871F-63C9-4D82-A0E0-06EFCD06B296}.Release|Any CPU.ActiveCfg = Release|Any CPU
		{FC00871F-63C9-4D82-A0E0-06EFCD06B296}.Release|Any CPU.Build.0 = Release|Any CPU
		{FC00871F-63C9-4D82-A0E0-06EFCD06B296}.Release|x64.ActiveCfg = Release|Any CPU
		{FC00871F-63C9-4D82-A0E0-06EFCD06B296}.Release|x64.Build.0 = Release|Any CPU
		{FC00871F-63C9-4D82-A0E0-06EFCD06B296}.Release|x86.ActiveCfg = Release|Any CPU
		{FC00871F-63C9-4D82-A0E0-06EFCD06B296}.Release|x86.Build.0 = Release|Any CPU
	EndGlobalSection
	GlobalSection(SolutionProperties) = preSolution
		HideSolutionNode = FALSE
	EndGlobalSection
	GlobalSection(NestedProjects) = preSolution
		{AC74ACF5-7BC9-47BD-AD79-AD66499C420A} = {827E0CD3-B72D-47B6-A68D-7590B98EB39B}
		{5842D392-41F9-4088-8E25-62CF5488B41C} = {827E0CD3-B72D-47B6-A68D-7590B98EB39B}
		{934A87B6-6DA7-4B31-A2A3-9C467D55FA89} = {827E0CD3-B72D-47B6-A68D-7590B98EB39B}
		{D09E60E2-8066-44D9-99F0-3221BC1174B9} = {827E0CD3-B72D-47B6-A68D-7590B98EB39B}
		{89F6F25B-A572-4955-AA01-A9AB4A2CDC69} = {827E0CD3-B72D-47B6-A68D-7590B98EB39B}
		{0365803A-4430-41BE-A834-3455AB11AD70} = {827E0CD3-B72D-47B6-A68D-7590B98EB39B}
		{8786BE93-D263-4348-ACA5-42A13D93213E} = {827E0CD3-B72D-47B6-A68D-7590B98EB39B}
		{919163ED-C8AA-4198-93AB-197BEC4540A6} = {0AB3BF05-4346-4AA6-1389-037BE0695223}
		{10C69625-D28A-4B70-BE2E-9B5E3B1AB7C0} = {0AB3BF05-4346-4AA6-1389-037BE0695223}
		{F2DAF545-876D-4BFE-8DAF-23BF625F7AE0} = {0AB3BF05-4346-4AA6-1389-037BE0695223}
		{45C58F47-3200-40E9-ABE6-B7120D937496} = {0AB3BF05-4346-4AA6-1389-037BE0695223}
		{32CA68C1-B1DD-4C61-904B-E1C65B795AC9} = {0AB3BF05-4346-4AA6-1389-037BE0695223}
		{5A43FFA9-B941-4EFA-9883-B8A1B17A5F6D} = {0AB3BF05-4346-4AA6-1389-037BE0695223}
		{FC00871F-63C9-4D82-A0E0-06EFCD06B296} = {0AB3BF05-4346-4AA6-1389-037BE0695223}
	EndGlobalSection
EndGlobal
